
Microsoft Visual Studio Solution File, Format Version 12.00
# Visual Studio Version 16
VisualStudioVersion = 16.0.31205.134
MinimumVisualStudioVersion = 10.0.40219.1
Project("{FAE04EC0-301F-11D3-BF4B-00C04F79EFBC}") = "SendEmailsForExam", "SendEmailsForExam\SendEmailsForExam.csproj", "{B1960544-4804-46A1-B8FC-EAB3835AC98E}"
EndProject
Global
	GlobalSection(SolutionConfigurationPlatforms) = preSolution
		Debug|Any CPU = Debug|Any CPU
		Release|Any CPU = Release|Any CPU
	EndGlobalSection
	GlobalSection(ProjectConfigurationPlatforms) = postSolution
		{B1960544-4804-46A1-B8FC-EAB3835AC98E}.Debug|Any CPU.ActiveCfg = Debug|Any CPU
		{B1960544-4804-46A1-B8FC-EAB3835AC98E}.Debug|Any CPU.Build.0 = Debug|Any CPU
		{B1960544-4804-46A1-B8FC-EAB3835AC98E}.Release|Any CPU.ActiveCfg = Release|Any CPU
		{B1960544-4804-46A1-B8FC-EAB3835AC98E}.Release|Any CPU.Build.0 = Release|Any CPU
	EndGlobalSection
	GlobalSection(SolutionProperties) = preSolution
		HideSolutionNode = FALSE
	EndGlobalSection
	GlobalSection(ExtensibilityGlobals) = postSolution
		SolutionGuid = {83DC58D5-FDA4-4ADF-A33C-DF8B309D0291}
	EndGlobalSection
EndGlobal
